
Microsoft Visual Studio Solution File, Format Version 12.00
# Visual Studio 15
VisualStudioVersion = 15.0.27703.2042
MinimumVisualStudioVersion = 10.0.40219.1
Project("{2150E333-8FDC-42A3-9474-1A3956D46DE8}") = "Mobile", "Mobile", "{1B41204C-DB4A-4FB6-8674-B466B368D7E5}"
EndProject
Project("{2150E333-8FDC-42A3-9474-1A3956D46DE8}") = "Api", "Api", "{D7CA2205-DDED-4526-9429-D676F70D6218}"
EndProject
Project("{2150E333-8FDC-42A3-9474-1A3956D46DE8}") = "Common", "Common", "{9A64A081-57BE-4F5B-8ECE-E59F095F39D9}"
EndProject
Project("{2150E333-8FDC-42A3-9474-1A3956D46DE8}") = "Sample", "Sample", "{EBCA01E8-875B-4C04-AC4E-F08420666B13}"
EndProject
Project("{2150E333-8FDC-42A3-9474-1A3956D46DE8}") = "Api", "Api", "{5258C4AE-EDA0-4308-8536-C1227AE6FE45}"
EndProject
Project("{2150E333-8FDC-42A3-9474-1A3956D46DE8}") = "Mobile", "Mobile", "{4BAD12A1-62BA-417E-A43B-DEE25B5362EB}"
EndProject
Project("{FAE04EC0-301F-11D3-BF4B-00C04F79EFBC}") = "Matcha.Sync.Mobile", "Matcha.Sync.Mobile\Matcha.Sync.Mobile.csproj", "{0C4F0C1C-7C03-4F1E-97D3-891F5D4C9959}"
EndProject
Project("{FAE04EC0-301F-11D3-BF4B-00C04F79EFBC}") = "Matcha.Sync.Model", "Matcha.Sync.Model\Matcha.Sync.Model.csproj", "{D79C291F-D045-41B9-A32A-7DADDA780235}"
EndProject
Global
	GlobalSection(SolutionConfigurationPlatforms) = preSolution
		Debug|Any CPU = Debug|Any CPU
		Release|Any CPU = Release|Any CPU
	EndGlobalSection
	GlobalSection(ProjectConfigurationPlatforms) = postSolution
		{0C4F0C1C-7C03-4F1E-97D3-891F5D4C9959}.Debug|Any CPU.ActiveCfg = Debug|Any CPU
		{0C4F0C1C-7C03-4F1E-97D3-891F5D4C9959}.Debug|Any CPU.Build.0 = Debug|Any CPU
		{0C4F0C1C-7C03-4F1E-97D3-891F5D4C9959}.Release|Any CPU.ActiveCfg = Release|Any CPU
		{0C4F0C1C-7C03-4F1E-97D3-891F5D4C9959}.Release|Any CPU.Build.0 = Release|Any CPU
		{D79C291F-D045-41B9-A32A-7DADDA780235}.Debug|Any CPU.ActiveCfg = Debug|Any CPU
		{D79C291F-D045-41B9-A32A-7DADDA780235}.Debug|Any CPU.Build.0 = Debug|Any CPU
		{D79C291F-D045-41B9-A32A-7DADDA780235}.Release|Any CPU.ActiveCfg = Release|Any CPU
		{D79C291F-D045-41B9-A32A-7DADDA780235}.Release|Any CPU.Build.0 = Release|Any CPU
	EndGlobalSection
	GlobalSection(SolutionProperties) = preSolution
		HideSolutionNode = FALSE
	EndGlobalSection
	GlobalSection(NestedProjects) = preSolution
		{5258C4AE-EDA0-4308-8536-C1227AE6FE45} = {EBCA01E8-875B-4C04-AC4E-F08420666B13}
		{4BAD12A1-62BA-417E-A43B-DEE25B5362EB} = {EBCA01E8-875B-4C04-AC4E-F08420666B13}
		{0C4F0C1C-7C03-4F1E-97D3-891F5D4C9959} = {1B41204C-DB4A-4FB6-8674-B466B368D7E5}
		{D79C291F-D045-41B9-A32A-7DADDA780235} = {9A64A081-57BE-4F5B-8ECE-E59F095F39D9}
	EndGlobalSection
	GlobalSection(ExtensibilityGlobals) = postSolution
		SolutionGuid = {96AA97BA-8E14-47CD-85E6-1142755DEA83}
	EndGlobalSection
EndGlobal
